{
    "version": 3,
    "terraform_version": "0.11.8",
    "serial": 3,
    "lineage": "b59d9fe3-467a-3d23-92ad-1a33cded8da0",
    "modules": [
        {
            "path": [
                "root"
            ],
            "outputs": {},
            "resources": {
                "libvirt_network.example": {
                    "type": "libvirt_network",
                    "depends_on": [],
                    "primary": {
                        "id": "ec04bae2-4708-4b58-94f3-69c8c9fef40c",
                        "attributes": {
                            "addresses.#": "1",
                            "addresses.0": "10.99.0.0/16",
                            "autostart": "false",
                            "bridge": "virbr3",
                            "domain": "example.net",
                            "id": "ec04bae2-4708-4b58-94f3-69c8c9fef40c",
                            "mode": "nat",
                            "name": "example"
                        },
                        "meta": {},
                        "tainted": false
                    },
                    "deposed": [],
                    "provider": "provider.libvirt"
                }
            },
            "depends_on": []
        }
    ]
}
